
Microsoft Visual Studio Solution File, Format Version 12.00
# Visual Studio 15
VisualStudioVersion = 15.0.27428.2015
MinimumVisualStudioVersion = 10.0.40219.1
Project("{FAE04EC0-301F-11D3-BF4B-00C04F79EFBC}") = "EmployeesInfo", "EmployeesInfo\EmployeesInfo.csproj", "{70DC9371-920B-43A9-82A1-0B0BC6D52A8C}"
EndProject
Global
	GlobalSection(SolutionConfigurationPlatforms) = preSolution
		Debug|Any CPU = Debug|Any CPU
		Release|Any CPU = Release|Any CPU
	EndGlobalSection
	GlobalSection(ProjectConfigurationPlatforms) = postSolution
		{70DC9371-920B-43A9-82A1-0B0BC6D52A8C}.Debug|Any CPU.ActiveCfg = Debug|Any CPU
		{70DC9371-920B-43A9-82A1-0B0BC6D52A8C}.Debug|Any CPU.Build.0 = Debug|Any CPU
		{70DC9371-920B-43A9-82A1-0B0BC6D52A8C}.Release|Any CPU.ActiveCfg = Release|Any CPU
		{70DC9371-920B-43A9-82A1-0B0BC6D52A8C}.Release|Any CPU.Build.0 = Release|Any CPU
	EndGlobalSection
	GlobalSection(SolutionProperties) = preSolution
		HideSolutionNode = FALSE
	EndGlobalSection
	GlobalSection(ExtensibilityGlobals) = postSolution
		SolutionGuid = {E218187E-862C-4318-A5F6-C62AFBC67738}
	EndGlobalSection
EndGlobal
